{
  "nodes": {
    "flakeNimbleLib": {
      "inputs": {
        "nixpkgs": [
          "nixpkgs"
        ]
      },
      "locked": {
        "lastModified": 1662018438,
        "narHash": "sha256-QtNtU6+LX3Wokxf0zlFwKTFOcn6TeDjKQZ+DA9OYtvM=",
        "owner": "riinr",
        "repo": "nim-flakes-lib",
        "rev": "b1fe8340736e3a85d25c709ac3dfd82a55c03cbf",
        "type": "github"
      },
      "original": {
        "owner": "riinr",
        "ref": "master",
        "repo": "nim-flakes-lib",
        "type": "github"
      }
    },
    "nixpkgs": {
      "locked": {
        "lastModified": 1667110639,
        "narHash": "sha256-4FbPESZ5LbqQxkJJJBAfk/zKgF9h/4kyUwjjpJwYlbc=",
        "owner": "NixOS",
        "repo": "nixpkgs",
        "rev": "f38a1f04d1bec1feb61fd101a0539ae2002a7087",
        "type": "github"
      },
      "original": {
        "id": "nixpkgs",
        "type": "indirect"
      }
    },
    "root": {
      "inputs": {
        "flakeNimbleLib": "flakeNimbleLib",
        "nixpkgs": "nixpkgs",
        "torm-main": "torm-main"
      }
    },
    "src-torm-main": {
      "flake": false,
      "locked": {
        "lastModified": 1610288452,
        "narHash": "sha256-sabeDWxaqNmcoFh19yQIDPluWMJ12CWj00yXtJSiP3U=",
        "owner": "enimatek-nl",
        "repo": "torm",
        "rev": "c90f6c3e4b60a2009ac476bb059db0d0c8ab5fee",
        "type": "github"
      },
      "original": {
        "owner": "enimatek-nl",
        "ref": "refs/heads/main",
        "repo": "torm",
        "type": "github"
      }
    },
    "torm-main": {
      "inputs": {
        "flakeNimbleLib": [
          "flakeNimbleLib"
        ],
        "nixpkgs": [
          "nixpkgs"
        ],
        "src-torm-main": "src-torm-main"
      },
      "locked": {
        "dir": "main",
        "lastModified": 1662254898,
        "narHash": "sha256-rUEPMQqwRCCh6BV/C9K6Old5kik3o8ljTRP4BXNvPvk=",
        "owner": "nim-nix-pkgs",
        "repo": "torm",
        "rev": "f93ce0d197412a509ca40e64a9b6603e61c99196",
        "type": "github"
      },
      "original": {
        "dir": "main",
        "owner": "nim-nix-pkgs",
        "ref": "master",
        "repo": "torm",
        "type": "github"
      }
    }
  },
  "root": "root",
  "version": 7
}
