{
  "nodes": {
    "flakeNimbleLib": {
      "inputs": {
        "nixpkgs": [
          "nixpkgs"
        ]
      },
      "locked": {
        "lastModified": 1662018438,
        "narHash": "sha256-QtNtU6+LX3Wokxf0zlFwKTFOcn6TeDjKQZ+DA9OYtvM=",
        "owner": "riinr",
        "repo": "nim-flakes-lib",
        "rev": "b1fe8340736e3a85d25c709ac3dfd82a55c03cbf",
        "type": "github"
      },
      "original": {
        "owner": "riinr",
        "ref": "master",
        "repo": "nim-flakes-lib",
        "type": "github"
      }
    },
    "nixpkgs": {
      "locked": {
        "lastModified": 1667199707,
        "narHash": "sha256-I2Js3Y7gUyVSEXPULHlBoRek4Lh85vnevdS6mdvDNLI=",
        "owner": "NixOS",
        "repo": "nixpkgs",
        "rev": "ced197be72099edcfa68ebed8b87af7b04851f45",
        "type": "github"
      },
      "original": {
        "id": "nixpkgs",
        "type": "indirect"
      }
    },
    "root": {
      "inputs": {
        "flakeNimbleLib": "flakeNimbleLib",
        "nixpkgs": "nixpkgs",
        "torm-main": "torm-main"
      }
    },
    "src-torm-main": {
      "flake": false,
      "locked": {
        "lastModified": 1610288452,
        "narHash": "sha256-sabeDWxaqNmcoFh19yQIDPluWMJ12CWj00yXtJSiP3U=",
        "owner": "enimatek-nl",
        "repo": "torm",
        "rev": "c90f6c3e4b60a2009ac476bb059db0d0c8ab5fee",
        "type": "github"
      },
      "original": {
        "owner": "enimatek-nl",
        "ref": "refs/heads/main",
        "repo": "torm",
        "type": "github"
      }
    },
    "torm-main": {
      "inputs": {
        "flakeNimbleLib": [
          "flakeNimbleLib"
        ],
        "nixpkgs": [
          "nixpkgs"
        ],
        "src-torm-main": "src-torm-main"
      },
      "locked": {
        "dir": "main",
        "lastModified": 1667322751,
        "narHash": "sha256-ZPvvyvFf51FaGy11zeA+6rZONe2ag9041cbkNLB2rkk=",
        "owner": "nim-nix-pkgs",
        "repo": "torm",
        "rev": "ffc1b8ca0b0b0a45e39ea203b043d078d6cead49",
        "type": "github"
      },
      "original": {
        "dir": "main",
        "owner": "nim-nix-pkgs",
        "ref": "master",
        "repo": "torm",
        "type": "github"
      }
    }
  },
  "root": "root",
  "version": 7
}
